
Microsoft Visual Studio Solution File, Format Version 12.00
# Visual Studio Version 17
VisualStudioVersion = 17.2.32616.157
MinimumVisualStudioVersion = 10.0.40219.1
Project("{FAE04EC0-301F-11D3-BF4B-00C04F79EFBC}") = "BAI_4_EFCore_CodeFirst", "BAI_4_EFCore_CodeFirst\BAI_4_EFCore_CodeFirst.csproj", "{02024950-8DFC-4757-8C13-FAB504E43036}"
EndProject
Global
	GlobalSection(SolutionConfigurationPlatforms) = preSolution
		Debug|Any CPU = Debug|Any CPU
		Release|Any CPU = Release|Any CPU
	EndGlobalSection
	GlobalSection(ProjectConfigurationPlatforms) = postSolution
		{02024950-8DFC-4757-8C13-FAB504E43036}.Debug|Any CPU.ActiveCfg = Debug|Any CPU
		{02024950-8DFC-4757-8C13-FAB504E43036}.Debug|Any CPU.Build.0 = Debug|Any CPU
		{02024950-8DFC-4757-8C13-FAB504E43036}.Release|Any CPU.ActiveCfg = Release|Any CPU
		{02024950-8DFC-4757-8C13-FAB504E43036}.Release|Any CPU.Build.0 = Release|Any CPU
	EndGlobalSection
	GlobalSection(SolutionProperties) = preSolution
		HideSolutionNode = FALSE
	EndGlobalSection
	GlobalSection(ExtensibilityGlobals) = postSolution
		SolutionGuid = {7E8060F8-66A9-40F8-9EF1-FDB346751D3C}
	EndGlobalSection
EndGlobal
